
Microsoft Visual Studio Solution File, Format Version 12.00
# Visual Studio Version 17
VisualStudioVersion = 17.3.32804.467
MinimumVisualStudioVersion = 10.0.40219.1
Project("{2150E333-8FDC-42A3-9474-1A3956D46DE8}") = "DAL", "DAL", "{97D2D539-DDE5-479E-B259-284C389DB8B7}"
EndProject
Project("{FAE04EC0-301F-11D3-BF4B-00C04F79EFBC}") = "DbObjects", "DbObjects\DbObjects.csproj", "{3E1C3DAE-E7B0-46D0-A96C-0032A8E6D510}"
EndProject
Project("{2150E333-8FDC-42A3-9474-1A3956D46DE8}") = "Test", "Test", "{C2E8BA2F-6EEE-45E5-8D18-52C653562536}"
EndProject
Project("{FAE04EC0-301F-11D3-BF4B-00C04F79EFBC}") = "TestAppEF", "TestAppEF\TestAppEF.csproj", "{51174A7D-11FE-44F5-8731-C205F46A9529}"
EndProject
Project("{FAE04EC0-301F-11D3-BF4B-00C04F79EFBC}") = "DbOperations", "DbOperations\DbOperations.csproj", "{2554FB2C-209E-401D-A7F5-00AD2246FEB7}"
	ProjectSection(ProjectDependencies) = postProject
		{3E1C3DAE-E7B0-46D0-A96C-0032A8E6D510} = {3E1C3DAE-E7B0-46D0-A96C-0032A8E6D510}
	EndProjectSection
EndProject
Project("{2150E333-8FDC-42A3-9474-1A3956D46DE8}") = "Business", "Business", "{5663FC15-E2F1-455C-8E4B-96B6D5DCA716}"
EndProject
Project("{FAE04EC0-301F-11D3-BF4B-00C04F79EFBC}") = "TicketingService", "TicketingService\TicketingService.csproj", "{C14784D3-477B-4727-A55A-DACDD6DDDCF4}"
	ProjectSection(ProjectDependencies) = postProject
		{2554FB2C-209E-401D-A7F5-00AD2246FEB7} = {2554FB2C-209E-401D-A7F5-00AD2246FEB7}
		{3E1C3DAE-E7B0-46D0-A96C-0032A8E6D510} = {3E1C3DAE-E7B0-46D0-A96C-0032A8E6D510}
	EndProjectSection
EndProject
Project("{FAE04EC0-301F-11D3-BF4B-00C04F79EFBC}") = "TestAppWPF", "TestAppWPF\TestAppWPF.csproj", "{4FE71FE5-2D07-424B-A24D-74B8159A50D2}"
EndProject
Project("{2150E333-8FDC-42A3-9474-1A3956D46DE8}") = "FrontEnd", "FrontEnd", "{4BD97988-041F-4D99-9731-4A711E0CB9C8}"
EndProject
Project("{FAE04EC0-301F-11D3-BF4B-00C04F79EFBC}") = "FrontEndManager", "FrontEndManager\FrontEndManager.csproj", "{917C4A5F-886B-4003-8FE8-0F555C13D15F}"
EndProject
Project("{FAE04EC0-301F-11D3-BF4B-00C04F79EFBC}") = "GUI", "GUI\GUI.csproj", "{F228A3E4-93B0-4036-B5E6-A6A654EB31E5}"
EndProject
Global
	GlobalSection(SolutionConfigurationPlatforms) = preSolution
		Debug|Any CPU = Debug|Any CPU
		Release|Any CPU = Release|Any CPU
	EndGlobalSection
	GlobalSection(ProjectConfigurationPlatforms) = postSolution
		{3E1C3DAE-E7B0-46D0-A96C-0032A8E6D510}.Debug|Any CPU.ActiveCfg = Debug|Any CPU
		{3E1C3DAE-E7B0-46D0-A96C-0032A8E6D510}.Debug|Any CPU.Build.0 = Debug|Any CPU
		{3E1C3DAE-E7B0-46D0-A96C-0032A8E6D510}.Release|Any CPU.ActiveCfg = Release|Any CPU
		{3E1C3DAE-E7B0-46D0-A96C-0032A8E6D510}.Release|Any CPU.Build.0 = Release|Any CPU
		{51174A7D-11FE-44F5-8731-C205F46A9529}.Debug|Any CPU.ActiveCfg = Debug|Any CPU
		{51174A7D-11FE-44F5-8731-C205F46A9529}.Debug|Any CPU.Build.0 = Debug|Any CPU
		{51174A7D-11FE-44F5-8731-C205F46A9529}.Release|Any CPU.ActiveCfg = Release|Any CPU
		{51174A7D-11FE-44F5-8731-C205F46A9529}.Release|Any CPU.Build.0 = Release|Any CPU
		{2554FB2C-209E-401D-A7F5-00AD2246FEB7}.Debug|Any CPU.ActiveCfg = Debug|Any CPU
		{2554FB2C-209E-401D-A7F5-00AD2246FEB7}.Debug|Any CPU.Build.0 = Debug|Any CPU
		{2554FB2C-209E-401D-A7F5-00AD2246FEB7}.Release|Any CPU.ActiveCfg = Release|Any CPU
		{2554FB2C-209E-401D-A7F5-00AD2246FEB7}.Release|Any CPU.Build.0 = Release|Any CPU
		{C14784D3-477B-4727-A55A-DACDD6DDDCF4}.Debug|Any CPU.ActiveCfg = Debug|Any CPU
		{C14784D3-477B-4727-A55A-DACDD6DDDCF4}.Debug|Any CPU.Build.0 = Debug|Any CPU
		{C14784D3-477B-4727-A55A-DACDD6DDDCF4}.Release|Any CPU.ActiveCfg = Release|Any CPU
		{C14784D3-477B-4727-A55A-DACDD6DDDCF4}.Release|Any CPU.Build.0 = Release|Any CPU
		{4FE71FE5-2D07-424B-A24D-74B8159A50D2}.Debug|Any CPU.ActiveCfg = Debug|Any CPU
		{4FE71FE5-2D07-424B-A24D-74B8159A50D2}.Debug|Any CPU.Build.0 = Debug|Any CPU
		{4FE71FE5-2D07-424B-A24D-74B8159A50D2}.Release|Any CPU.ActiveCfg = Release|Any CPU
		{4FE71FE5-2D07-424B-A24D-74B8159A50D2}.Release|Any CPU.Build.0 = Release|Any CPU
		{917C4A5F-886B-4003-8FE8-0F555C13D15F}.Debug|Any CPU.ActiveCfg = Debug|Any CPU
		{917C4A5F-886B-4003-8FE8-0F555C13D15F}.Debug|Any CPU.Build.0 = Debug|Any CPU
		{917C4A5F-886B-4003-8FE8-0F555C13D15F}.Release|Any CPU.ActiveCfg = Release|Any CPU
		{917C4A5F-886B-4003-8FE8-0F555C13D15F}.Release|Any CPU.Build.0 = Release|Any CPU
		{F228A3E4-93B0-4036-B5E6-A6A654EB31E5}.Debug|Any CPU.ActiveCfg = Debug|Any CPU
		{F228A3E4-93B0-4036-B5E6-A6A654EB31E5}.Debug|Any CPU.Build.0 = Debug|Any CPU
		{F228A3E4-93B0-4036-B5E6-A6A654EB31E5}.Release|Any CPU.ActiveCfg = Release|Any CPU
		{F228A3E4-93B0-4036-B5E6-A6A654EB31E5}.Release|Any CPU.Build.0 = Release|Any CPU
	EndGlobalSection
	GlobalSection(SolutionProperties) = preSolution
		HideSolutionNode = FALSE
	EndGlobalSection
	GlobalSection(NestedProjects) = preSolution
		{3E1C3DAE-E7B0-46D0-A96C-0032A8E6D510} = {97D2D539-DDE5-479E-B259-284C389DB8B7}
		{51174A7D-11FE-44F5-8731-C205F46A9529} = {C2E8BA2F-6EEE-45E5-8D18-52C653562536}
		{2554FB2C-209E-401D-A7F5-00AD2246FEB7} = {97D2D539-DDE5-479E-B259-284C389DB8B7}
		{C14784D3-477B-4727-A55A-DACDD6DDDCF4} = {5663FC15-E2F1-455C-8E4B-96B6D5DCA716}
		{4FE71FE5-2D07-424B-A24D-74B8159A50D2} = {C2E8BA2F-6EEE-45E5-8D18-52C653562536}
		{917C4A5F-886B-4003-8FE8-0F555C13D15F} = {4BD97988-041F-4D99-9731-4A711E0CB9C8}
		{F228A3E4-93B0-4036-B5E6-A6A654EB31E5} = {4BD97988-041F-4D99-9731-4A711E0CB9C8}
	EndGlobalSection
	GlobalSection(ExtensibilityGlobals) = postSolution
		SolutionGuid = {83590D03-9970-4506-AB51-9529EE450A15}
	EndGlobalSection
EndGlobal
